
Microsoft Visual Studio Solution File, Format Version 12.00
# Visual Studio Version 17
VisualStudioVersion = 17.7.34009.444
MinimumVisualStudioVersion = 10.0.40219.1
Project("{9A19103F-16F7-4668-BE54-9A1E7A4F7556}") = "EmployeeApp", "EmployeeApp\EmployeeApp.csproj", "{FCB3AB6C-9EC1-4529-9A09-9A668B802854}"
EndProject
Project("{9A19103F-16F7-4668-BE54-9A1E7A4F7556}") = "EmployeeDb", "EmployeeDb\EmployeeDb.csproj", "{F10E3180-72E8-44F8-A99D-ACA59B252C41}"
EndProject
Global
	GlobalSection(SolutionConfigurationPlatforms) = preSolution
		Debug|Any CPU = Debug|Any CPU
		Release|Any CPU = Release|Any CPU
	EndGlobalSection
	GlobalSection(ProjectConfigurationPlatforms) = postSolution
		{FCB3AB6C-9EC1-4529-9A09-9A668B802854}.Debug|Any CPU.ActiveCfg = Debug|Any CPU
		{FCB3AB6C-9EC1-4529-9A09-9A668B802854}.Debug|Any CPU.Build.0 = Debug|Any CPU
		{FCB3AB6C-9EC1-4529-9A09-9A668B802854}.Release|Any CPU.ActiveCfg = Release|Any CPU
		{FCB3AB6C-9EC1-4529-9A09-9A668B802854}.Release|Any CPU.Build.0 = Release|Any CPU
		{F10E3180-72E8-44F8-A99D-ACA59B252C41}.Debug|Any CPU.ActiveCfg = Debug|Any CPU
		{F10E3180-72E8-44F8-A99D-ACA59B252C41}.Debug|Any CPU.Build.0 = Debug|Any CPU
		{F10E3180-72E8-44F8-A99D-ACA59B252C41}.Release|Any CPU.ActiveCfg = Release|Any CPU
		{F10E3180-72E8-44F8-A99D-ACA59B252C41}.Release|Any CPU.Build.0 = Release|Any CPU
	EndGlobalSection
	GlobalSection(SolutionProperties) = preSolution
		HideSolutionNode = FALSE
	EndGlobalSection
	GlobalSection(ExtensibilityGlobals) = postSolution
		SolutionGuid = {8B42A57F-B88C-429E-B81E-F461C64D61DE}
	EndGlobalSection
EndGlobal
